# THIS IS AN AUTOGENERATED FILE. DO NOT EDIT THIS FILE DIRECTLY.
# yarn lockfile v1


react-native-splash-screen@^3.3.0:
  version "3.3.0"
  resolved "https://registry.yarnpkg.com/react-native-splash-screen/-/react-native-splash-screen-3.3.0.tgz#3af71ed17afe50fee69590a45aec399d071ead02"
  integrity sha512-rGjt6HkoSXxMqH4SQUJ1gnPQlPJV8+J47+4yhgTIan4bVvAwJhEeJH7wWt9hXSdH4+VfwTS0GTaflj1Tw83IhA==
